
Microsoft Visual Studio Solution File, Format Version 12.00
# Visual Studio Version 17
VisualStudioVersion = 17.13.35919.96 d17.13
MinimumVisualStudioVersion = 10.0.40219.1
Project("{FAE04EC0-301F-11D3-BF4B-00C04F79EFBC}") = "EnterTheMatrix", "EnterTheMatrix\EnterTheMatrix.csproj", "{9A35ACE9-5F51-420B-B0A5-C5C593D80754}"
EndProject
Global
	GlobalSection(SolutionConfigurationPlatforms) = preSolution
		Debug|Any CPU = Debug|Any CPU
		Release|Any CPU = Release|Any CPU
	EndGlobalSection
	GlobalSection(ProjectConfigurationPlatforms) = postSolution
		{9A35ACE9-5F51-420B-B0A5-C5C593D80754}.Debug|Any CPU.ActiveCfg = Debug|Any CPU
		{9A35ACE9-5F51-420B-B0A5-C5C593D80754}.Debug|Any CPU.Build.0 = Debug|Any CPU
		{9A35ACE9-5F51-420B-B0A5-C5C593D80754}.Release|Any CPU.ActiveCfg = Release|Any CPU
		{9A35ACE9-5F51-420B-B0A5-C5C593D80754}.Release|Any CPU.Build.0 = Release|Any CPU
	EndGlobalSection
	GlobalSection(SolutionProperties) = preSolution
		HideSolutionNode = FALSE
	EndGlobalSection
	GlobalSection(ExtensibilityGlobals) = postSolution
		SolutionGuid = {C7588D1C-FCE2-4142-8A2F-A55F6C35A476}
	EndGlobalSection
EndGlobal
